
Microsoft Visual Studio Solution File, Format Version 12.00
Project("{FAE04EC0-301F-11D3-BF4B-00C04F79EFBC}") = "Raccoon.Ninja.Application.Api", "Raccoon.Ninja.Application.Api\Raccoon.Ninja.Application.Api.csproj", "{010B58B2-89C3-419E-8FF9-13AF69340B96}"
EndProject
Project("{FAE04EC0-301F-11D3-BF4B-00C04F79EFBC}") = "Raccoon.Ninja.Infra.DI", "Raccoon.Ninja.Infra.DI\Raccoon.Ninja.Infra.DI.csproj", "{1A03BD79-839A-4972-9BAB-F9F34C7B29BE}"
EndProject
Project("{FAE04EC0-301F-11D3-BF4B-00C04F79EFBC}") = "Raccoon.Ninja.Services", "Raccoon.Ninja.Services\Raccoon.Ninja.Services.csproj", "{A8D0D5C8-82D2-412C-BC12-4BC62ABF7749}"
EndProject
Project("{FAE04EC0-301F-11D3-BF4B-00C04F79EFBC}") = "Raccoon.Ninja.Domain", "Raccoon.Ninja.Domain\Raccoon.Ninja.Domain.csproj", "{79028031-22B2-4D7A-AC94-6799EAF5FFCB}"
EndProject
Project("{FAE04EC0-301F-11D3-BF4B-00C04F79EFBC}") = "Raccoon.Ninja.Repositories", "Raccoon.Ninja.Repositories\Raccoon.Ninja.Repositories.csproj", "{95A2CA39-1C63-455F-92DB-6DF02CC47603}"
EndProject
Project("{FAE04EC0-301F-11D3-BF4B-00C04F79EFBC}") = "Raccoon.Ninja.AppServices", "Raccoon.Ninja.AppServices\Raccoon.Ninja.AppServices.csproj", "{AC8DE1B1-4BEE-4F4D-833A-FCC421F0E40D}"
EndProject
Project("{FAE04EC0-301F-11D3-BF4B-00C04F79EFBC}") = "Raccoon.Ninja.Domain.Test", "Raccoon.Ninja.Domain.Test\Raccoon.Ninja.Domain.Test.csproj", "{F74A120D-C447-4E5A-BC6F-473554AE166F}"
EndProject
Project("{FAE04EC0-301F-11D3-BF4B-00C04F79EFBC}") = "Raccoon.Ninja.Services.Test", "Raccoon.Ninja.Services.Test\Raccoon.Ninja.Services.Test.csproj", "{16FB0D90-97D0-40A1-BFDE-F9539F0CE112}"
EndProject
Project("{FAE04EC0-301F-11D3-BF4B-00C04F79EFBC}") = "Raccoon.Ninja.Test.Helpers", "Raccoon.Ninja.Test.Helpers\Raccoon.Ninja.Test.Helpers.csproj", "{7EA782A7-5308-45E2-AD46-33C80F61A43D}"
EndProject
Project("{2150E333-8FDC-42A3-9474-1A3956D46DE8}") = "00. Aplications", "00. Aplications", "{A482C633-3ACD-4149-922D-C8598B2F24DB}"
EndProject
Project("{2150E333-8FDC-42A3-9474-1A3956D46DE8}") = "01. Domain", "01. Domain", "{F5D9ABA3-E715-415E-8CB1-9246872956F4}"
EndProject
Project("{2150E333-8FDC-42A3-9474-1A3956D46DE8}") = "99. Tests", "99. Tests", "{788C6F44-40E3-4E1D-ACF6-506C0A1635E9}"
EndProject
Project("{2150E333-8FDC-42A3-9474-1A3956D46DE8}") = "02. Repositories", "02. Repositories", "{5E02BEBF-C444-404C-9768-70DF40C3912C}"
EndProject
Project("{2150E333-8FDC-42A3-9474-1A3956D46DE8}") = "03. Services", "03. Services", "{5096AD5E-FA9D-4F0D-9373-F80ECF9DFDC7}"
EndProject
Project("{2150E333-8FDC-42A3-9474-1A3956D46DE8}") = "04. Infra", "04. Infra", "{713B1D9F-2FF0-4ABB-AD51-49EA1DAD125F}"
EndProject
Global
	GlobalSection(SolutionConfigurationPlatforms) = preSolution
		Debug|Any CPU = Debug|Any CPU
		Release|Any CPU = Release|Any CPU
	EndGlobalSection
	GlobalSection(ProjectConfigurationPlatforms) = postSolution
		{010B58B2-89C3-419E-8FF9-13AF69340B96}.Debug|Any CPU.ActiveCfg = Debug|Any CPU
		{010B58B2-89C3-419E-8FF9-13AF69340B96}.Debug|Any CPU.Build.0 = Debug|Any CPU
		{010B58B2-89C3-419E-8FF9-13AF69340B96}.Release|Any CPU.ActiveCfg = Release|Any CPU
		{010B58B2-89C3-419E-8FF9-13AF69340B96}.Release|Any CPU.Build.0 = Release|Any CPU
		{1A03BD79-839A-4972-9BAB-F9F34C7B29BE}.Debug|Any CPU.ActiveCfg = Debug|Any CPU
		{1A03BD79-839A-4972-9BAB-F9F34C7B29BE}.Debug|Any CPU.Build.0 = Debug|Any CPU
		{1A03BD79-839A-4972-9BAB-F9F34C7B29BE}.Release|Any CPU.ActiveCfg = Release|Any CPU
		{1A03BD79-839A-4972-9BAB-F9F34C7B29BE}.Release|Any CPU.Build.0 = Release|Any CPU
		{A8D0D5C8-82D2-412C-BC12-4BC62ABF7749}.Debug|Any CPU.ActiveCfg = Debug|Any CPU
		{A8D0D5C8-82D2-412C-BC12-4BC62ABF7749}.Debug|Any CPU.Build.0 = Debug|Any CPU
		{A8D0D5C8-82D2-412C-BC12-4BC62ABF7749}.Release|Any CPU.ActiveCfg = Release|Any CPU
		{A8D0D5C8-82D2-412C-BC12-4BC62ABF7749}.Release|Any CPU.Build.0 = Release|Any CPU
		{79028031-22B2-4D7A-AC94-6799EAF5FFCB}.Debug|Any CPU.ActiveCfg = Debug|Any CPU
		{79028031-22B2-4D7A-AC94-6799EAF5FFCB}.Debug|Any CPU.Build.0 = Debug|Any CPU
		{79028031-22B2-4D7A-AC94-6799EAF5FFCB}.Release|Any CPU.ActiveCfg = Release|Any CPU
		{79028031-22B2-4D7A-AC94-6799EAF5FFCB}.Release|Any CPU.Build.0 = Release|Any CPU
		{95A2CA39-1C63-455F-92DB-6DF02CC47603}.Debug|Any CPU.ActiveCfg = Debug|Any CPU
		{95A2CA39-1C63-455F-92DB-6DF02CC47603}.Debug|Any CPU.Build.0 = Debug|Any CPU
		{95A2CA39-1C63-455F-92DB-6DF02CC47603}.Release|Any CPU.ActiveCfg = Release|Any CPU
		{95A2CA39-1C63-455F-92DB-6DF02CC47603}.Release|Any CPU.Build.0 = Release|Any CPU
		{AC8DE1B1-4BEE-4F4D-833A-FCC421F0E40D}.Debug|Any CPU.ActiveCfg = Debug|Any CPU
		{AC8DE1B1-4BEE-4F4D-833A-FCC421F0E40D}.Debug|Any CPU.Build.0 = Debug|Any CPU
		{AC8DE1B1-4BEE-4F4D-833A-FCC421F0E40D}.Release|Any CPU.ActiveCfg = Release|Any CPU
		{AC8DE1B1-4BEE-4F4D-833A-FCC421F0E40D}.Release|Any CPU.Build.0 = Release|Any CPU
		{F74A120D-C447-4E5A-BC6F-473554AE166F}.Debug|Any CPU.ActiveCfg = Debug|Any CPU
		{F74A120D-C447-4E5A-BC6F-473554AE166F}.Debug|Any CPU.Build.0 = Debug|Any CPU
		{F74A120D-C447-4E5A-BC6F-473554AE166F}.Release|Any CPU.ActiveCfg = Release|Any CPU
		{F74A120D-C447-4E5A-BC6F-473554AE166F}.Release|Any CPU.Build.0 = Release|Any CPU
		{16FB0D90-97D0-40A1-BFDE-F9539F0CE112}.Debug|Any CPU.ActiveCfg = Debug|Any CPU
		{16FB0D90-97D0-40A1-BFDE-F9539F0CE112}.Debug|Any CPU.Build.0 = Debug|Any CPU
		{16FB0D90-97D0-40A1-BFDE-F9539F0CE112}.Release|Any CPU.ActiveCfg = Release|Any CPU
		{16FB0D90-97D0-40A1-BFDE-F9539F0CE112}.Release|Any CPU.Build.0 = Release|Any CPU
		{7EA782A7-5308-45E2-AD46-33C80F61A43D}.Debug|Any CPU.ActiveCfg = Debug|Any CPU
		{7EA782A7-5308-45E2-AD46-33C80F61A43D}.Debug|Any CPU.Build.0 = Debug|Any CPU
		{7EA782A7-5308-45E2-AD46-33C80F61A43D}.Release|Any CPU.ActiveCfg = Release|Any CPU
		{7EA782A7-5308-45E2-AD46-33C80F61A43D}.Release|Any CPU.Build.0 = Release|Any CPU
	EndGlobalSection
	GlobalSection(NestedProjects) = preSolution
		{010B58B2-89C3-419E-8FF9-13AF69340B96} = {A482C633-3ACD-4149-922D-C8598B2F24DB}
		{79028031-22B2-4D7A-AC94-6799EAF5FFCB} = {F5D9ABA3-E715-415E-8CB1-9246872956F4}
		{7EA782A7-5308-45E2-AD46-33C80F61A43D} = {788C6F44-40E3-4E1D-ACF6-506C0A1635E9}
		{16FB0D90-97D0-40A1-BFDE-F9539F0CE112} = {788C6F44-40E3-4E1D-ACF6-506C0A1635E9}
		{F74A120D-C447-4E5A-BC6F-473554AE166F} = {788C6F44-40E3-4E1D-ACF6-506C0A1635E9}
		{1A03BD79-839A-4972-9BAB-F9F34C7B29BE} = {713B1D9F-2FF0-4ABB-AD51-49EA1DAD125F}
		{AC8DE1B1-4BEE-4F4D-833A-FCC421F0E40D} = {5096AD5E-FA9D-4F0D-9373-F80ECF9DFDC7}
		{A8D0D5C8-82D2-412C-BC12-4BC62ABF7749} = {5096AD5E-FA9D-4F0D-9373-F80ECF9DFDC7}
		{95A2CA39-1C63-455F-92DB-6DF02CC47603} = {5E02BEBF-C444-404C-9768-70DF40C3912C}
	EndGlobalSection
EndGlobal
